
Microsoft Visual Studio Solution File, Format Version 12.00
# Visual Studio Version 17
VisualStudioVersion = 17.0.31903.59
MinimumVisualStudioVersion = 10.0.40219.1
Project("{9A19103F-16F7-4668-BE54-9A1E7A4F7556}") = "VetClinicApi.API", "VetClinicApi.API\VetClinicApi.API.csproj", "{8BD116CA-982E-4E72-A1D8-551075D69C30}"
EndProject
Project("{9A19103F-16F7-4668-BE54-9A1E7A4F7556}") = "VetClinicApi.API.Tests", "VetClinicApi.API.Tests\VetClinicApi.API.Tests.csproj", "{5501030D-3CA2-4160-ABC0-592B91165A64}"
EndProject
Project("{FAE04EC0-301F-11D3-BF4B-00C04F79EFBC}") = "VetClinicApi.Database", "VetClinicApi.Database\VetClinicApi.Database.csproj", "{702F42B0-C6B8-425E-AAFE-FBAA20696CB5}"
EndProject
Project("{FAE04EC0-301F-11D3-BF4B-00C04F79EFBC}") = "VetClinicApi.Core", "VetClinicApi.Core\VetClinicApi.Core.csproj", "{646811F7-ECE0-4021-86A8-004A1D626A68}"
EndProject
Project("{FAE04EC0-301F-11D3-BF4B-00C04F79EFBC}") = "VetClinicApi.Database.Migrations", "VetClinicApi.Database.Migrations\VetClinicApi.Database.Migrations.csproj", "{AE2370E2-59F0-4780-ADE4-B54E62BE9771}"
EndProject
Global
	GlobalSection(SolutionConfigurationPlatforms) = preSolution
		Debug|Any CPU = Debug|Any CPU
		Release|Any CPU = Release|Any CPU
	EndGlobalSection
	GlobalSection(ProjectConfigurationPlatforms) = postSolution
		{8BD116CA-982E-4E72-A1D8-551075D69C30}.Debug|Any CPU.ActiveCfg = Debug|Any CPU
		{8BD116CA-982E-4E72-A1D8-551075D69C30}.Debug|Any CPU.Build.0 = Debug|Any CPU
		{8BD116CA-982E-4E72-A1D8-551075D69C30}.Release|Any CPU.ActiveCfg = Release|Any CPU
		{8BD116CA-982E-4E72-A1D8-551075D69C30}.Release|Any CPU.Build.0 = Release|Any CPU
		{5501030D-3CA2-4160-ABC0-592B91165A64}.Debug|Any CPU.ActiveCfg = Debug|Any CPU
		{5501030D-3CA2-4160-ABC0-592B91165A64}.Debug|Any CPU.Build.0 = Debug|Any CPU
		{5501030D-3CA2-4160-ABC0-592B91165A64}.Release|Any CPU.ActiveCfg = Release|Any CPU
		{5501030D-3CA2-4160-ABC0-592B91165A64}.Release|Any CPU.Build.0 = Release|Any CPU
		{702F42B0-C6B8-425E-AAFE-FBAA20696CB5}.Debug|Any CPU.ActiveCfg = Debug|Any CPU
		{702F42B0-C6B8-425E-AAFE-FBAA20696CB5}.Debug|Any CPU.Build.0 = Debug|Any CPU
		{702F42B0-C6B8-425E-AAFE-FBAA20696CB5}.Release|Any CPU.ActiveCfg = Release|Any CPU
		{702F42B0-C6B8-425E-AAFE-FBAA20696CB5}.Release|Any CPU.Build.0 = Release|Any CPU
		{646811F7-ECE0-4021-86A8-004A1D626A68}.Debug|Any CPU.ActiveCfg = Debug|Any CPU
		{646811F7-ECE0-4021-86A8-004A1D626A68}.Debug|Any CPU.Build.0 = Debug|Any CPU
		{646811F7-ECE0-4021-86A8-004A1D626A68}.Release|Any CPU.ActiveCfg = Release|Any CPU
		{646811F7-ECE0-4021-86A8-004A1D626A68}.Release|Any CPU.Build.0 = Release|Any CPU
		{AE2370E2-59F0-4780-ADE4-B54E62BE9771}.Debug|Any CPU.ActiveCfg = Debug|Any CPU
		{AE2370E2-59F0-4780-ADE4-B54E62BE9771}.Debug|Any CPU.Build.0 = Debug|Any CPU
		{AE2370E2-59F0-4780-ADE4-B54E62BE9771}.Release|Any CPU.ActiveCfg = Release|Any CPU
		{AE2370E2-59F0-4780-ADE4-B54E62BE9771}.Release|Any CPU.Build.0 = Release|Any CPU
	EndGlobalSection
	GlobalSection(SolutionProperties) = preSolution
		HideSolutionNode = FALSE
	EndGlobalSection
	GlobalSection(ExtensibilityGlobals) = postSolution
		SolutionGuid = {425294A5-A8A8-40BB-A181-BDB1E9DFD494}
	EndGlobalSection
EndGlobal
